
Microsoft Visual Studio Solution File, Format Version 12.00
# Visual Studio Version 17
VisualStudioVersion = 17.4.33205.214
MinimumVisualStudioVersion = 10.0.40219.1
Project("{FAE04EC0-301F-11D3-BF4B-00C04F79EFBC}") = "RacingApp2", "RacingApp2.csproj", "{356E75EA-8FC8-4762-A598-D9420B53ECA4}"
EndProject
Global
	GlobalSection(SolutionConfigurationPlatforms) = preSolution
		Debug|Any CPU = Debug|Any CPU
		Release|Any CPU = Release|Any CPU
	EndGlobalSection
	GlobalSection(ProjectConfigurationPlatforms) = postSolution
		{356E75EA-8FC8-4762-A598-D9420B53ECA4}.Debug|Any CPU.ActiveCfg = Debug|Any CPU
		{356E75EA-8FC8-4762-A598-D9420B53ECA4}.Debug|Any CPU.Build.0 = Debug|Any CPU
		{356E75EA-8FC8-4762-A598-D9420B53ECA4}.Release|Any CPU.ActiveCfg = Release|Any CPU
		{356E75EA-8FC8-4762-A598-D9420B53ECA4}.Release|Any CPU.Build.0 = Release|Any CPU
	EndGlobalSection
	GlobalSection(SolutionProperties) = preSolution
		HideSolutionNode = FALSE
	EndGlobalSection
	GlobalSection(ExtensibilityGlobals) = postSolution
		SolutionGuid = {DD77A3A9-72F0-4578-9E76-81692DA91C03}
	EndGlobalSection
EndGlobal
